
Microsoft Visual Studio Solution File, Format Version 12.00
# Visual Studio Version 17
VisualStudioVersion = 17.4.33205.214
MinimumVisualStudioVersion = 10.0.40219.1
Project("{6EC3EE1D-3C4E-46DD-8F32-0CC8E7565705}") = "GiraffeHtmxBlazor", "GiraffeHtmxBlazor.fsproj", "{398951D6-EABD-4199-9F24-83FC8FB84677}"
EndProject
Global
	GlobalSection(SolutionConfigurationPlatforms) = preSolution
		Debug|Any CPU = Debug|Any CPU
		Release|Any CPU = Release|Any CPU
	EndGlobalSection
	GlobalSection(ProjectConfigurationPlatforms) = postSolution
		{398951D6-EABD-4199-9F24-83FC8FB84677}.Debug|Any CPU.ActiveCfg = Debug|Any CPU
		{398951D6-EABD-4199-9F24-83FC8FB84677}.Debug|Any CPU.Build.0 = Debug|Any CPU
		{398951D6-EABD-4199-9F24-83FC8FB84677}.Release|Any CPU.ActiveCfg = Release|Any CPU
		{398951D6-EABD-4199-9F24-83FC8FB84677}.Release|Any CPU.Build.0 = Release|Any CPU
	EndGlobalSection
	GlobalSection(SolutionProperties) = preSolution
		HideSolutionNode = FALSE
	EndGlobalSection
	GlobalSection(ExtensibilityGlobals) = postSolution
		SolutionGuid = {01EFD214-562D-41FD-BC45-1C4113266499}
	EndGlobalSection
EndGlobal
